// !$*UTF8*$!
{
	archiveVersion = 1;
	classes = {
	};
	objectVersion = 46;
	objects = {

/* Begin PBXBuildFile section */
		F73813E71A25663E00094F8D /* AppDelegate.swift in Sources */ = {isa = PBXBuildFile; fileRef = F73813E61A25663E00094F8D /* AppDelegate.swift */; };
		F73813E91A25663E00094F8D /* ViewController.swift in Sources */ = {isa = PBXBuildFile; fileRef = F73813E81A25663E00094F8D /* ViewController.swift */; };
		F73813EC1A25663E00094F8D /* Main.storyboard in Resources */ = {isa = PBXBuildFile; fileRef = F73813EA1A25663E00094F8D /* Main.storyboard */; };
		F73813EE1A25663E00094F8D /* Images.xcassets in Resources */ = {isa = PBXBuildFile; fileRef = F73813ED1A25663E00094F8D /* Images.xcassets */; };
		F73813F11A25663E00094F8D /* LaunchScreen.xib in Resources */ = {isa = PBXBuildFile; fileRef = F73813EF1A25663E00094F8D /* LaunchScreen.xib */; };
		F73813FD1A25663E00094F8D /* Postcard_P1Tests.swift in Sources */ = {isa = PBXBuildFile; fileRef = F73813FC1A25663E00094F8D /* Postcard_P1Tests.swift */; };
		F73814091A25676000094F8D /* Radhanathswamionline-picture643.jpg in Resources */ = {isa = PBXBuildFile; fileRef = F73814081A25676000094F8D /* Radhanathswamionline-picture643.jpg */; };
		F7D6D19F1A25A3550010739D /* radhanath-swami-maharaj.jpeg in Resources */ = {isa = PBXBuildFile; fileRef = F7D6D19E1A25A3550010739D /* radhanath-swami-maharaj.jpeg */; };
/* End PBXBuildFile section */

/* Begin PBXContainerItemProxy section */
		F73813F71A25663E00094F8D /* PBXContainerItemProxy */ = {
			isa = PBXContainerItemProxy;
			containerPortal = F73813D91A25663E00094F8D /* Project object */;
			proxyType = 1;
			remoteGlobalIDString = F73813E01A25663E00094F8D;
			remoteInfo = "Postcard P1";
		};
/* End PBXContainerItemProxy section */

/* Begin PBXFileReference section */
		F73813E11A25663E00094F8D /* Postcard P1.app */ = {isa = PBXFileReference; explicitFileType = wrapper.application; includeInIndex = 0; path = "Postcard P1.app"; sourceTree = BUILT_PRODUCTS_DIR; };
		F73813E51A25663E00094F8D /* Info.plist */ = {isa = PBXFileReference; lastKnownFileType = text.plist.xml; path = Info.plist; sourceTree = "<group>"; };
		F73813E61A25663E00094F8D /* AppDelegate.swift */ = {isa = PBXFileReference; lastKnownFileType = sourcecode.swift; path = AppDelegate.swift; sourceTree = "<group>"; };
		F73813E81A25663E00094F8D /* ViewController.swift */ = {isa = PBXFileReference; lastKnownFileType = sourcecode.swift; path = ViewController.swift; sourceTree = "<group>"; };
		F73813EB1A25663E00094F8D /* Base */ = {isa = PBXFileReference; lastKnownFileType = file.storyboard; name = Base; path = Base.lproj/Main.storyboard; sourceTree = "<group>"; };
		F73813ED1A25663E00094F8D /* Images.xcassets */ = {isa = PBXFileReference; lastKnownFileType = folder.assetcatalog; path = Images.xcassets; sourceTree = "<group>"; };
		F73813F01A25663E00094F8D /* Base */ = {isa = PBXFileReference; lastKnownFileType = file.xib; name = Base; path = Base.lproj/LaunchScreen.xib; sourceTree = "<group>"; };
		F73813F61A25663E00094F8D /* Postcard P1Tests.xctest */ = {isa = PBXFileReference; explicitFileType = wrapper.cfbundle; includeInIndex = 0; path = "Postcard P1Tests.xctest"; sourceTree = BUILT_PRODUCTS_DIR; };
		F73813FB1A25663E00094F8D /* Info.plist */ = {isa = PBXFileReference; lastKnownFileType = text.plist.xml; path = Info.plist; sourceTree = "<group>"; };
		F73813FC1A25663E00094F8D /* Postcard_P1Tests.swift */ = {isa = PBXFileReference; lastKnownFileType = sourcecode.swift; path = Postcard_P1Tests.swift; sourceTree = "<group>"; };
		F73814081A25676000094F8D /* Radhanathswamionline-picture643.jpg */ = {isa = PBXFileReference; lastKnownFileType = image.jpeg; path = "Radhanathswamionline-picture643.jpg"; sourceTree = "<group>"; };
		F7D6D19E1A25A3550010739D /* radhanath-swami-maharaj.jpeg */ = {isa = PBXFileReference; lastKnownFileType = image.jpeg; path = "radhanath-swami-maharaj.jpeg"; sourceTree = "<group>"; };
/* End PBXFileReference section */

/* Begin PBXFrameworksBuildPhase section */
		F73813DE1A25663E00094F8D /* Frameworks */ = {
			isa = PBXFrameworksBuildPhase;
			buildActionMask = 2147483647;
			files = (
			);
			runOnlyForDeploymentPostprocessing = 0;
		};
		F73813F31A25663E00094F8D /* Frameworks */ = {
			isa = PBXFrameworksBuildPhase;
			buildActionMask = 2147483647;
			files = (
			);
			runOnlyForDeploymentPostprocessing = 0;
		};
/* End PBXFrameworksBuildPhase section */

/* Begin PBXGroup section */
		F73813D81A25663E00094F8D = {
			isa = PBXGroup;
			children = (
				F73813E31A25663E00094F8D /* Postcard P1 */,
				F73813F91A25663E00094F8D /* Postcard P1Tests */,
				F73813E21A25663E00094F8D /* Products */,
			);
			sourceTree = "<group>";
		};
		F73813E21A25663E00094F8D /* Products */ = {
			isa = PBXGroup;
			children = (
				F73813E11A25663E00094F8D /* Postcard P1.app */,
				F73813F61A25663E00094F8D /* Postcard P1Tests.xctest */,
			);
			name = Products;
			sourceTree = "<group>";
		};
		F73813E31A25663E00094F8D /* Postcard P1 */ = {
			isa = PBXGroup;
			children = (
				F73813E61A25663E00094F8D /* AppDelegate.swift */,
				F73813E81A25663E00094F8D /* ViewController.swift */,
				F73813EA1A25663E00094F8D /* Main.storyboard */,
				F73813E41A25663E00094F8D /* Supporting Files */,
				F73813ED1A25663E00094F8D /* Images.xcassets */,
				F73813EF1A25663E00094F8D /* LaunchScreen.xib */,
			);
			path = "Postcard P1";
			sourceTree = "<group>";
		};
		F73813E41A25663E00094F8D /* Supporting Files */ = {
			isa = PBXGroup;
			children = (
				F7D6D19E1A25A3550010739D /* radhanath-swami-maharaj.jpeg */,
				F73814081A25676000094F8D /* Radhanathswamionline-picture643.jpg */,
				F73813E51A25663E00094F8D /* Info.plist */,
			);
			name = "Supporting Files";
			sourceTree = "<group>";
		};
		F73813F91A25663E00094F8D /* Postcard P1Tests */ = {
			isa = PBXGroup;
			children = (
				F73813FC1A25663E00094F8D /* Postcard_P1Tests.swift */,
				F73813FA1A25663E00094F8D /* Supporting Files */,
			);
			path = "Postcard P1Tests";
			sourceTree = "<group>";
		};
		F73813FA1A25663E00094F8D /* Supporting Files */ = {
			isa = PBXGroup;
			children = (
				F73813FB1A25663E00094F8D /* Info.plist */,
			);
			name = "Supporting Files";
			sourceTree = "<group>";
		};
/* End PBXGroup section */

/* Begin PBXNativeTarget section */
		F73813E01A25663E00094F8D /* Postcard P1 */ = {
			isa = PBXNativeTarget;
			buildConfigurationList = F73814001A25663E00094F8D /* Build configuration list for PBXNativeTarget "Postcard P1" */;
			buildPhases = (
				F73813DD1A25663E00094F8D /* Sources */,
				F73813DE1A25663E00094F8D /* Frameworks */,
				F73813DF1A25663E00094F8D /* Resources */,
			);
			buildRules = (
			);
			dependencies = (
			);
			name = "Postcard P1";
			productName = "Postcard P1";
			productReference = F73813E11A25663E00094F8D /* Postcard P1.app */;
			productType = "com.apple.product-type.application";
		};
		F73813F51A25663E00094F8D /* Postcard P1Tests */ = {
			isa = PBXNativeTarget;
			buildConfigurationList = F73814031A25663E00094F8D /* Build configuration list for PBXNativeTarget "Postcard P1Tests" */;
			buildPhases = (
				F73813F21A25663E00094F8D /* Sources */,
				F73813F31A25663E00094F8D /* Frameworks */,
				F73813F41A25663E00094F8D /* Resources */,
			);
			buildRules = (
			);
			dependencies = (
				F73813F81A25663E00094F8D /* PBXTargetDependency */,
			);
			name = "Postcard P1Tests";
			productName = "Postcard P1Tests";
			productReference = F73813F61A25663E00094F8D /* Postcard P1Tests.xctest */;
			productType = "com.apple.product-type.bundle.unit-test";
		};
/* End PBXNativeTarget section */

/* Begin PBXProject section */
		F73813D91A25663E00094F8D /* Project object */ = {
			isa = PBXProject;
			attributes = {
				LastUpgradeCheck = 0600;
				ORGANIZATIONNAME = "Sample App LLC";
				TargetAttributes = {
					F73813E01A25663E00094F8D = {
						CreatedOnToolsVersion = 6.0.1;
					};
					F73813F51A25663E00094F8D = {
						CreatedOnToolsVersion = 6.0.1;
						TestTargetID = F73813E01A25663E00094F8D;
					};
				};
			};
			buildConfigurationList = F73813DC1A25663E00094F8D /* Build configuration list for PBXProject "Postcard P1" */;
			compatibilityVersion = "Xcode 3.2";
			developmentRegion = English;
			hasScannedForEncodings = 0;
			knownRegions = (
				en,
				Base,
			);
			mainGroup = F73813D81A25663E00094F8D;
			productRefGroup = F73813E21A25663E00094F8D /* Products */;
			projectDirPath = "";
			projectRoot = "";
			targets = (
				F73813E01A25663E00094F8D /* Postcard P1 */,
				F73813F51A25663E00094F8D /* Postcard P1Tests */,
			);
		};
/* End PBXProject section */

/* Begin PBXResourcesBuildPhase section */
		F73813DF1A25663E00094F8D /* Resources */ = {
			isa = PBXResourcesBuildPhase;
			buildActionMask = 2147483647;
			files = (
				F73813EC1A25663E00094F8D /* Main.storyboard in Resources */,
				F73814091A25676000094F8D /* Radhanathswamionline-picture643.jpg in Resources */,
				F73813F11A25663E00094F8D /* LaunchScreen.xib in Resources */,
				F7D6D19F1A25A3550010739D /* radhanath-swami-maharaj.jpeg in Resources */,
				F73813EE1A25663E00094F8D /* Images.xcassets in Resources */,
			);
			runOnlyForDeploymentPostprocessing = 0;
		};
		F73813F41A25663E00094F8D /* Resources */ = {
			isa = PBXResourcesBuildPhase;
			buildActionMask = 2147483647;
			files = (
			);
			runOnlyForDeploymentPostprocessing = 0;
		};
/* End PBXResourcesBuildPhase section */

/* Begin PBXSourcesBuildPhase section */
		F73813DD1A25663E00094F8D /* Sources */ = {
			isa = PBXSourcesBuildPhase;
			buildActionMask = 2147483647;
			files = (
				F73813E91A25663E00094F8D /* ViewController.swift in Sources */,
				F73813E71A25663E00094F8D /* AppDelegate.swift in Sources */,
			);
			runOnlyForDeploymentPostprocessing = 0;
		};
		F73813F21A25663E00094F8D /* Sources */ = {
			isa = PBXSourcesBuildPhase;
			buildActionMask = 2147483647;
			files = (
				F73813FD1A25663E00094F8D /* Postcard_P1Tests.swift in Sources */,
			);
			runOnlyForDeploymentPostprocessing = 0;
		};
/* End PBXSourcesBuildPhase section */

/* Begin PBXTargetDependency section */
		F73813F81A25663E00094F8D /* PBXTargetDependency */ = {
			isa = PBXTargetDependency;
			target = F73813E01A25663E00094F8D /* Postcard P1 */;
			targetProxy = F73813F71A25663E00094F8D /* PBXContainerItemProxy */;
		};
/* End PBXTargetDependency section */

/* Begin PBXVariantGroup section */
		F73813EA1A25663E00094F8D /* Main.storyboard */ = {
			isa = PBXVariantGroup;
			children = (
				F73813EB1A25663E00094F8D /* Base */,
			);
			name = Main.storyboard;
			sourceTree = "<group>";
		};
		F73813EF1A25663E00094F8D /* LaunchScreen.xib */ = {
			isa = PBXVariantGroup;
			children = (
				F73813F01A25663E00094F8D /* Base */,
			);
			name = LaunchScreen.xib;
			sourceTree = "<group>";
		};
/* End PBXVariantGroup section */

/* Begin XCBuildConfiguration section */
		F73813FE1A25663E00094F8D /* Debug */ = {
			isa = XCBuildConfiguration;
			buildSettings = {
				ALWAYS_SEARCH_USER_PATHS = NO;
				CLANG_CXX_LANGUAGE_STANDARD = "gnu++0x";
				CLANG_CXX_LIBRARY = "libc++";
				CLANG_ENABLE_MODULES = YES;
				CLANG_ENABLE_OBJC_ARC = YES;
				CLANG_WARN_BOOL_CONVERSION = YES;
				CLANG_WARN_CONSTANT_CONVERSION = YES;
				CLANG_WARN_DIRECT_OBJC_ISA_USAGE = YES_ERROR;
				CLANG_WARN_EMPTY_BODY = YES;
				CLANG_WARN_ENUM_CONVERSION = YES;
				CLANG_WARN_INT_CONVERSION = YES;
				CLANG_WARN_OBJC_ROOT_CLASS = YES_ERROR;
				CLANG_WARN_UNREACHABLE_CODE = YES;
				CLANG_WARN__DUPLICATE_METHOD_MATCH = YES;
				"CODE_SIGN_IDENTITY[sdk=iphoneos*]" = "iPhone Developer";
				COPY_PHASE_STRIP = NO;
				ENABLE_STRICT_OBJC_MSGSEND = YES;
				GCC_C_LANGUAGE_STANDARD = gnu99;
				GCC_DYNAMIC_NO_PIC = NO;
				GCC_OPTIMIZATION_LEVEL = 0;
				GCC_PREPROCESSOR_DEFINITIONS = (
					"DEBUG=1",
					"$(inherited)",
				);
				GCC_SYMBOLS_PRIVATE_EXTERN = NO;
				GCC_WARN_64_TO_32_BIT_CONVERSION = YES;
				GCC_WARN_ABOUT_RETURN_TYPE = YES_ERROR;
				GCC_WARN_UNDECLARED_SELECTOR = YES;
				GCC_WARN_UNINITIALIZED_AUTOS = YES_AGGRESSIVE;
				GCC_WARN_UNUSED_FUNCTION = YES;
				GCC_WARN_UNUSED_VARIABLE = YES;
				IPHONEOS_DEPLOYMENT_TARGET = 8.0;
				MTL_ENABLE_DEBUG_INFO = YES;
				ONLY_ACTIVE_ARCH = YES;
				SDKROOT = iphoneos;
				SWIFT_OPTIMIZATION_LEVEL = "-Onone";
			};
			name = Debug;
		};
		F73813FF1A25663E00094F8D /* Release */ = {
			isa = XCBuildConfiguration;
			buildSettings = {
				ALWAYS_SEARCH_USER_PATHS = NO;
				CLANG_CXX_LANGUAGE_STANDARD = "gnu++0x";
				CLANG_CXX_LIBRARY = "libc++";
				CLANG_ENABLE_MODULES = YES;
				CLANG_ENABLE_OBJC_ARC = YES;
				CLANG_WARN_BOOL_CONVERSION = YES;
				CLANG_WARN_CONSTANT_CONVERSION = YES;
				CLANG_WARN_DIRECT_OBJC_ISA_USAGE = YES_ERROR;
				CLANG_WARN_EMPTY_BODY = YES;
				CLANG_WARN_ENUM_CONVERSION = YES;
				CLANG_WARN_INT_CONVERSION = YES;
				CLANG_WARN_OBJC_ROOT_CLASS = YES_ERROR;
				CLANG_WARN_UNREACHABLE_CODE = YES;
				CLANG_WARN__DUPLICATE_METHOD_MATCH = YES;
				"CODE_SIGN_IDENTITY[sdk=iphoneos*]" = "iPhone Developer";
				COPY_PHASE_STRIP = YES;
				ENABLE_NS_ASSERTIONS = NO;
				ENABLE_STRICT_OBJC_MSGSEND = YES;
				GCC_C_LANGUAGE_STANDARD = gnu99;
				GCC_WARN_64_TO_32_BIT_CONVERSION = YES;
				GCC_WARN_ABOUT_RETURN_TYPE = YES_ERROR;
				GCC_WARN_UNDECLARED_SELECTOR = YES;
				GCC_WARN_UNINITIALIZED_AUTOS = YES_AGGRESSIVE;
				GCC_WARN_UNUSED_FUNCTION = YES;
				GCC_WARN_UNUSED_VARIABLE = YES;
				IPHONEOS_DEPLOYMENT_TARGET = 8.0;
				MTL_ENABLE_DEBUG_INFO = NO;
				SDKROOT = iphoneos;
				VALIDATE_PRODUCT = YES;
			};
			name = Release;
		};
		F73814011A25663E00094F8D /* Debug */ = {
			isa = XCBuildConfiguration;
			buildSettings = {
				ASSETCATALOG_COMPILER_APPICON_NAME = AppIcon;
				INFOPLIST_FILE = "Postcard P1/Info.plist";
				LD_RUNPATH_SEARCH_PATHS = "$(inherited) @executable_path/Frameworks";
				PRODUCT_NAME = "$(TARGET_NAME)";
			};
			name = Debug;
		};
		F73814021A25663E00094F8D /* Release */ = {
			isa = XCBuildConfiguration;
			buildSettings = {
				ASSETCATALOG_COMPILER_APPICON_NAME = AppIcon;
				INFOPLIST_FILE = "Postcard P1/Info.plist";
				LD_RUNPATH_SEARCH_PATHS = "$(inherited) @executable_path/Frameworks";
				PRODUCT_NAME = "$(TARGET_NAME)";
			};
			name = Release;
		};
		F73814041A25663E00094F8D /* Debug */ = {
			isa = XCBuildConfiguration;
			buildSettings = {
				BUNDLE_LOADER = "$(TEST_HOST)";
				FRAMEWORK_SEARCH_PATHS = (
					"$(SDKROOT)/Developer/Library/Frameworks",
					"$(inherited)",
				);
				GCC_PREPROCESSOR_DEFINITIONS = (
					"DEBUG=1",
					"$(inherited)",
				);
				INFOPLIST_FILE = "Postcard P1Tests/Info.plist";
				LD_RUNPATH_SEARCH_PATHS = "$(inherited) @executable_path/Frameworks @loader_path/Frameworks";
				PRODUCT_NAME = "$(TARGET_NAME)";
				TEST_HOST = "$(BUILT_PRODUCTS_DIR)/Postcard P1.app/Postcard P1";
			};
			name = Debug;
		};
		F73814051A25663E00094F8D /* Release */ = {
			isa = XCBuildConfiguration;
			buildSettings = {
				BUNDLE_LOADER = "$(TEST_HOST)";
				FRAMEWORK_SEARCH_PATHS = (
					"$(SDKROOT)/Developer/Library/Frameworks",
					"$(inherited)",
				);
				INFOPLIST_FILE = "Postcard P1Tests/Info.plist";
				LD_RUNPATH_SEARCH_PATHS = "$(inherited) @executable_path/Frameworks @loader_path/Frameworks";
				PRODUCT_NAME = "$(TARGET_NAME)";
				TEST_HOST = "$(BUILT_PRODUCTS_DIR)/Postcard P1.app/Postcard P1";
			};
			name = Release;
		};
/* End XCBuildConfiguration section */

/* Begin XCConfigurationList section */
		F73813DC1A25663E00094F8D /* Build configuration list for PBXProject "Postcard P1" */ = {
			isa = XCConfigurationList;
			buildConfigurations = (
				F73813FE1A25663E00094F8D /* Debug */,
				F73813FF1A25663E00094F8D /* Release */,
			);
			defaultConfigurationIsVisible = 0;
			defaultConfigurationName = Release;
		};
		F73814001A25663E00094F8D /* Build configuration list for PBXNativeTarget "Postcard P1" */ = {
			isa = XCConfigurationList;
			buildConfigurations = (
				F73814011A25663E00094F8D /* Debug */,
				F73814021A25663E00094F8D /* Release */,
			);
			defaultConfigurationIsVisible = 0;
			defaultConfigurationName = Release;
		};
		F73814031A25663E00094F8D /* Build configuration list for PBXNativeTarget "Postcard P1Tests" */ = {
			isa = XCConfigurationList;
			buildConfigurations = (
				F73814041A25663E00094F8D /* Debug */,
				F73814051A25663E00094F8D /* Release */,
			);
			defaultConfigurationIsVisible = 0;
			defaultConfigurationName = Release;
		};
/* End XCConfigurationList section */
	};
	rootObject = F73813D91A25663E00094F8D /* Project object */;
}
